
Microsoft Visual Studio Solution File, Format Version 12.00
# Visual Studio 15
VisualStudioVersion = 15.0.26228.9
MinimumVisualStudioVersion = 10.0.40219.1
Project("{FAE04EC0-301F-11D3-BF4B-00C04F79EFBC}") = "XFormsLocalizeExtension", "XFormsLocalizeExtension\XFormsLocalizeExtension.csproj", "{67F9D3A8-F71E-4428-913F-C37AE82CDB24}"
EndProject
Project("{FAE04EC0-301F-11D3-BF4B-00C04F79EFBC}") = "XFormsLocalizeExtension.Android", "XFormsLocalizeExtension.Android\XFormsLocalizeExtension.Android.csproj", "{A9BD3528-ACD4-4382-A829-AAF4DFCA35B6}"
EndProject
Project("{FAE04EC0-301F-11D3-BF4B-00C04F79EFBC}") = "XFormsLocalizeExtension.iOS", "XFormsLocalizeExtension.iOS\XFormsLocalizeExtension.iOS.csproj", "{2EAE4572-960B-4015-BCA8-B998B286078B}"
EndProject
Project("{FAE04EC0-301F-11D3-BF4B-00C04F79EFBC}") = "XFormsLocalizeExtension.UWP", "XFormsLocalizeExtension.UWP\XFormsLocalizeExtension.UWP.csproj", "{92FC93C1-E385-460B-9263-7D5D8F1D8686}"
EndProject
Project("{2150E333-8FDC-42A3-9474-1A3956D46DE8}") = "SampleApps", "SampleApps", "{0F7CEA95-6CEA-4F86-9C41-078918975BC6}"
EndProject
Project("{FAE04EC0-301F-11D3-BF4B-00C04F79EFBC}") = "SampleApp", "SampleApps\SampleApp\SampleApp.csproj", "{1958E467-80E8-42D6-81CD-4AB399F5C602}"
EndProject
Project("{FAE04EC0-301F-11D3-BF4B-00C04F79EFBC}") = "SampleApp.Android", "SampleApps\SampleApp.Android\SampleApp.Android.csproj", "{2854527C-5D90-492D-91FD-4E53250CDAD3}"
EndProject
Project("{FAE04EC0-301F-11D3-BF4B-00C04F79EFBC}") = "SampleApp.iOS", "SampleApps\SampleApp.iOS\SampleApp.iOS.csproj", "{8EDC012A-B023-46A9-999D-C7A52A57D50F}"
EndProject
Project("{FAE04EC0-301F-11D3-BF4B-00C04F79EFBC}") = "SampleApp.UWP", "SampleApps\SampleApp.UWP\SampleApp.UWP.csproj", "{A6FCE1E6-7EDB-4E70-B3D8-61CD99409EAE}"
EndProject
Global
	GlobalSection(SolutionConfigurationPlatforms) = preSolution
		Ad-Hoc|Any CPU = Ad-Hoc|Any CPU
		Ad-Hoc|ARM = Ad-Hoc|ARM
		Ad-Hoc|iPhone = Ad-Hoc|iPhone
		Ad-Hoc|iPhoneSimulator = Ad-Hoc|iPhoneSimulator
		Ad-Hoc|x64 = Ad-Hoc|x64
		Ad-Hoc|x86 = Ad-Hoc|x86
		AppStore|Any CPU = AppStore|Any CPU
		AppStore|ARM = AppStore|ARM
		AppStore|iPhone = AppStore|iPhone
		AppStore|iPhoneSimulator = AppStore|iPhoneSimulator
		AppStore|x64 = AppStore|x64
		AppStore|x86 = AppStore|x86
		Debug|Any CPU = Debug|Any CPU
		Debug|ARM = Debug|ARM
		Debug|iPhone = Debug|iPhone
		Debug|iPhoneSimulator = Debug|iPhoneSimulator
		Debug|x64 = Debug|x64
		Debug|x86 = Debug|x86
		Release|Any CPU = Release|Any CPU
		Release|ARM = Release|ARM
		Release|iPhone = Release|iPhone
		Release|iPhoneSimulator = Release|iPhoneSimulator
		Release|x64 = Release|x64
		Release|x86 = Release|x86
	EndGlobalSection
	GlobalSection(ProjectConfigurationPlatforms) = postSolution
		{67F9D3A8-F71E-4428-913F-C37AE82CDB24}.Ad-Hoc|Any CPU.ActiveCfg = Release|Any CPU
		{67F9D3A8-F71E-4428-913F-C37AE82CDB24}.Ad-Hoc|Any CPU.Build.0 = Release|Any CPU
		{67F9D3A8-F71E-4428-913F-C37AE82CDB24}.Ad-Hoc|ARM.ActiveCfg = Release|Any CPU
		{67F9D3A8-F71E-4428-913F-C37AE82CDB24}.Ad-Hoc|ARM.Build.0 = Release|Any CPU
		{67F9D3A8-F71E-4428-913F-C37AE82CDB24}.Ad-Hoc|iPhone.ActiveCfg = Release|Any CPU
		{67F9D3A8-F71E-4428-913F-C37AE82CDB24}.Ad-Hoc|iPhone.Build.0 = Release|Any CPU
		{67F9D3A8-F71E-4428-913F-C37AE82CDB24}.Ad-Hoc|iPhoneSimulator.ActiveCfg = Release|Any CPU
		{67F9D3A8-F71E-4428-913F-C37AE82CDB24}.Ad-Hoc|iPhoneSimulator.Build.0 = Release|Any CPU
		{67F9D3A8-F71E-4428-913F-C37AE82CDB24}.Ad-Hoc|x64.ActiveCfg = Release|Any CPU
		{67F9D3A8-F71E-4428-913F-C37AE82CDB24}.Ad-Hoc|x64.Build.0 = Release|Any CPU
		{67F9D3A8-F71E-4428-913F-C37AE82CDB24}.Ad-Hoc|x86.ActiveCfg = Release|Any CPU
		{67F9D3A8-F71E-4428-913F-C37AE82CDB24}.Ad-Hoc|x86.Build.0 = Release|Any CPU
		{67F9D3A8-F71E-4428-913F-C37AE82CDB24}.AppStore|Any CPU.ActiveCfg = Release|Any CPU
		{67F9D3A8-F71E-4428-913F-C37AE82CDB24}.AppStore|Any CPU.Build.0 = Release|Any CPU
		{67F9D3A8-F71E-4428-913F-C37AE82CDB24}.AppStore|ARM.ActiveCfg = Release|Any CPU
		{67F9D3A8-F71E-4428-913F-C37AE82CDB24}.AppStore|ARM.Build.0 = Release|Any CPU
		{67F9D3A8-F71E-4428-913F-C37AE82CDB24}.AppStore|iPhone.ActiveCfg = Release|Any CPU
		{67F9D3A8-F71E-4428-913F-C37AE82CDB24}.AppStore|iPhone.Build.0 = Release|Any CPU
		{67F9D3A8-F71E-4428-913F-C37AE82CDB24}.AppStore|iPhoneSimulator.ActiveCfg = Release|Any CPU
		{67F9D3A8-F71E-4428-913F-C37AE82CDB24}.AppStore|iPhoneSimulator.Build.0 = Release|Any CPU
		{67F9D3A8-F71E-4428-913F-C37AE82CDB24}.AppStore|x64.ActiveCfg = Release|Any CPU
		{67F9D3A8-F71E-4428-913F-C37AE82CDB24}.AppStore|x64.Build.0 = Release|Any CPU
		{67F9D3A8-F71E-4428-913F-C37AE82CDB24}.AppStore|x86.ActiveCfg = Release|Any CPU
		{67F9D3A8-F71E-4428-913F-C37AE82CDB24}.AppStore|x86.Build.0 = Release|Any CPU
		{67F9D3A8-F71E-4428-913F-C37AE82CDB24}.Debug|Any CPU.ActiveCfg = Debug|Any CPU
		{67F9D3A8-F71E-4428-913F-C37AE82CDB24}.Debug|Any CPU.Build.0 = Debug|Any CPU
		{67F9D3A8-F71E-4428-913F-C37AE82CDB24}.Debug|ARM.ActiveCfg = Debug|Any CPU
		{67F9D3A8-F71E-4428-913F-C37AE82CDB24}.Debug|ARM.Build.0 = Debug|Any CPU
		{67F9D3A8-F71E-4428-913F-C37AE82CDB24}.Debug|iPhone.ActiveCfg = Debug|Any CPU
		{67F9D3A8-F71E-4428-913F-C37AE82CDB24}.Debug|iPhone.Build.0 = Debug|Any CPU
		{67F9D3A8-F71E-4428-913F-C37AE82CDB24}.Debug|iPhoneSimulator.ActiveCfg = Debug|Any CPU
		{67F9D3A8-F71E-4428-913F-C37AE82CDB24}.Debug|iPhoneSimulator.Build.0 = Debug|Any CPU
		{67F9D3A8-F71E-4428-913F-C37AE82CDB24}.Debug|x64.ActiveCfg = Debug|Any CPU
		{67F9D3A8-F71E-4428-913F-C37AE82CDB24}.Debug|x64.Build.0 = Debug|Any CPU
		{67F9D3A8-F71E-4428-913F-C37AE82CDB24}.Debug|x86.ActiveCfg = Debug|Any CPU
		{67F9D3A8-F71E-4428-913F-C37AE82CDB24}.Debug|x86.Build.0 = Debug|Any CPU
		{67F9D3A8-F71E-4428-913F-C37AE82CDB24}.Release|Any CPU.ActiveCfg = Release|Any CPU
		{67F9D3A8-F71E-4428-913F-C37AE82CDB24}.Release|Any CPU.Build.0 = Release|Any CPU
		{67F9D3A8-F71E-4428-913F-C37AE82CDB24}.Release|ARM.ActiveCfg = Release|Any CPU
		{67F9D3A8-F71E-4428-913F-C37AE82CDB24}.Release|ARM.Build.0 = Release|Any CPU
		{67F9D3A8-F71E-4428-913F-C37AE82CDB24}.Release|iPhone.ActiveCfg = Release|Any CPU
		{67F9D3A8-F71E-4428-913F-C37AE82CDB24}.Release|iPhone.Build.0 = Release|Any CPU
		{67F9D3A8-F71E-4428-913F-C37AE82CDB24}.Release|iPhoneSimulator.ActiveCfg = Release|Any CPU
		{67F9D3A8-F71E-4428-913F-C37AE82CDB24}.Release|iPhoneSimulator.Build.0 = Release|Any CPU
		{67F9D3A8-F71E-4428-913F-C37AE82CDB24}.Release|x64.ActiveCfg = Release|Any CPU
		{67F9D3A8-F71E-4428-913F-C37AE82CDB24}.Release|x64.Build.0 = Release|Any CPU
		{67F9D3A8-F71E-4428-913F-C37AE82CDB24}.Release|x86.ActiveCfg = Release|Any CPU
		{67F9D3A8-F71E-4428-913F-C37AE82CDB24}.Release|x86.Build.0 = Release|Any CPU
		{A9BD3528-ACD4-4382-A829-AAF4DFCA35B6}.Ad-Hoc|Any CPU.ActiveCfg = Release|Any CPU
		{A9BD3528-ACD4-4382-A829-AAF4DFCA35B6}.Ad-Hoc|Any CPU.Build.0 = Release|Any CPU
		{A9BD3528-ACD4-4382-A829-AAF4DFCA35B6}.Ad-Hoc|ARM.ActiveCfg = Release|Any CPU
		{A9BD3528-ACD4-4382-A829-AAF4DFCA35B6}.Ad-Hoc|ARM.Build.0 = Release|Any CPU
		{A9BD3528-ACD4-4382-A829-AAF4DFCA35B6}.Ad-Hoc|iPhone.ActiveCfg = Release|Any CPU
		{A9BD3528-ACD4-4382-A829-AAF4DFCA35B6}.Ad-Hoc|iPhone.Build.0 = Release|Any CPU
		{A9BD3528-ACD4-4382-A829-AAF4DFCA35B6}.Ad-Hoc|iPhoneSimulator.ActiveCfg = Release|Any CPU
		{A9BD3528-ACD4-4382-A829-AAF4DFCA35B6}.Ad-Hoc|iPhoneSimulator.Build.0 = Release|Any CPU
		{A9BD3528-ACD4-4382-A829-AAF4DFCA35B6}.Ad-Hoc|x64.ActiveCfg = Release|Any CPU
		{A9BD3528-ACD4-4382-A829-AAF4DFCA35B6}.Ad-Hoc|x64.Build.0 = Release|Any CPU
		{A9BD3528-ACD4-4382-A829-AAF4DFCA35B6}.Ad-Hoc|x86.ActiveCfg = Release|Any CPU
		{A9BD3528-ACD4-4382-A829-AAF4DFCA35B6}.Ad-Hoc|x86.Build.0 = Release|Any CPU
		{A9BD3528-ACD4-4382-A829-AAF4DFCA35B6}.AppStore|Any CPU.ActiveCfg = Release|Any CPU
		{A9BD3528-ACD4-4382-A829-AAF4DFCA35B6}.AppStore|Any CPU.Build.0 = Release|Any CPU
		{A9BD3528-ACD4-4382-A829-AAF4DFCA35B6}.AppStore|ARM.ActiveCfg = Release|Any CPU
		{A9BD3528-ACD4-4382-A829-AAF4DFCA35B6}.AppStore|ARM.Build.0 = Release|Any CPU
		{A9BD3528-ACD4-4382-A829-AAF4DFCA35B6}.AppStore|iPhone.ActiveCfg = Release|Any CPU
		{A9BD3528-ACD4-4382-A829-AAF4DFCA35B6}.AppStore|iPhone.Build.0 = Release|Any CPU
		{A9BD3528-ACD4-4382-A829-AAF4DFCA35B6}.AppStore|iPhoneSimulator.ActiveCfg = Release|Any CPU
		{A9BD3528-ACD4-4382-A829-AAF4DFCA35B6}.AppStore|iPhoneSimulator.Build.0 = Release|Any CPU
		{A9BD3528-ACD4-4382-A829-AAF4DFCA35B6}.AppStore|x64.ActiveCfg = Release|Any CPU
		{A9BD3528-ACD4-4382-A829-AAF4DFCA35B6}.AppStore|x64.Build.0 = Release|Any CPU
		{A9BD3528-ACD4-4382-A829-AAF4DFCA35B6}.AppStore|x86.ActiveCfg = Release|Any CPU
		{A9BD3528-ACD4-4382-A829-AAF4DFCA35B6}.AppStore|x86.Build.0 = Release|Any CPU
		{A9BD3528-ACD4-4382-A829-AAF4DFCA35B6}.Debug|Any CPU.ActiveCfg = Debug|Any CPU
		{A9BD3528-ACD4-4382-A829-AAF4DFCA35B6}.Debug|Any CPU.Build.0 = Debug|Any CPU
		{A9BD3528-ACD4-4382-A829-AAF4DFCA35B6}.Debug|ARM.ActiveCfg = Debug|Any CPU
		{A9BD3528-ACD4-4382-A829-AAF4DFCA35B6}.Debug|ARM.Build.0 = Debug|Any CPU
		{A9BD3528-ACD4-4382-A829-AAF4DFCA35B6}.Debug|iPhone.ActiveCfg = Debug|Any CPU
		{A9BD3528-ACD4-4382-A829-AAF4DFCA35B6}.Debug|iPhone.Build.0 = Debug|Any CPU
		{A9BD3528-ACD4-4382-A829-AAF4DFCA35B6}.Debug|iPhoneSimulator.ActiveCfg = Debug|Any CPU
		{A9BD3528-ACD4-4382-A829-AAF4DFCA35B6}.Debug|iPhoneSimulator.Build.0 = Debug|Any CPU
		{A9BD3528-ACD4-4382-A829-AAF4DFCA35B6}.Debug|x64.ActiveCfg = Debug|Any CPU
		{A9BD3528-ACD4-4382-A829-AAF4DFCA35B6}.Debug|x64.Build.0 = Debug|Any CPU
		{A9BD3528-ACD4-4382-A829-AAF4DFCA35B6}.Debug|x86.ActiveCfg = Debug|Any CPU
		{A9BD3528-ACD4-4382-A829-AAF4DFCA35B6}.Debug|x86.Build.0 = Debug|Any CPU
		{A9BD3528-ACD4-4382-A829-AAF4DFCA35B6}.Release|Any CPU.ActiveCfg = Release|Any CPU
		{A9BD3528-ACD4-4382-A829-AAF4DFCA35B6}.Release|Any CPU.Build.0 = Release|Any CPU
		{A9BD3528-ACD4-4382-A829-AAF4DFCA35B6}.Release|ARM.ActiveCfg = Release|Any CPU
		{A9BD3528-ACD4-4382-A829-AAF4DFCA35B6}.Release|ARM.Build.0 = Release|Any CPU
		{A9BD3528-ACD4-4382-A829-AAF4DFCA35B6}.Release|iPhone.ActiveCfg = Release|Any CPU
		{A9BD3528-ACD4-4382-A829-AAF4DFCA35B6}.Release|iPhone.Build.0 = Release|Any CPU
		{A9BD3528-ACD4-4382-A829-AAF4DFCA35B6}.Release|iPhoneSimulator.ActiveCfg = Release|Any CPU
		{A9BD3528-ACD4-4382-A829-AAF4DFCA35B6}.Release|iPhoneSimulator.Build.0 = Release|Any CPU
		{A9BD3528-ACD4-4382-A829-AAF4DFCA35B6}.Release|x64.ActiveCfg = Release|Any CPU
		{A9BD3528-ACD4-4382-A829-AAF4DFCA35B6}.Release|x64.Build.0 = Release|Any CPU
		{A9BD3528-ACD4-4382-A829-AAF4DFCA35B6}.Release|x86.ActiveCfg = Release|Any CPU
		{A9BD3528-ACD4-4382-A829-AAF4DFCA35B6}.Release|x86.Build.0 = Release|Any CPU
		{2EAE4572-960B-4015-BCA8-B998B286078B}.Ad-Hoc|Any CPU.ActiveCfg = Release|Any CPU
		{2EAE4572-960B-4015-BCA8-B998B286078B}.Ad-Hoc|Any CPU.Build.0 = Release|Any CPU
		{2EAE4572-960B-4015-BCA8-B998B286078B}.Ad-Hoc|ARM.ActiveCfg = Release|Any CPU
		{2EAE4572-960B-4015-BCA8-B998B286078B}.Ad-Hoc|ARM.Build.0 = Release|Any CPU
		{2EAE4572-960B-4015-BCA8-B998B286078B}.Ad-Hoc|iPhone.ActiveCfg = Release|Any CPU
		{2EAE4572-960B-4015-BCA8-B998B286078B}.Ad-Hoc|iPhone.Build.0 = Release|Any CPU
		{2EAE4572-960B-4015-BCA8-B998B286078B}.Ad-Hoc|iPhoneSimulator.ActiveCfg = Release|Any CPU
		{2EAE4572-960B-4015-BCA8-B998B286078B}.Ad-Hoc|iPhoneSimulator.Build.0 = Release|Any CPU
		{2EAE4572-960B-4015-BCA8-B998B286078B}.Ad-Hoc|x64.ActiveCfg = Release|Any CPU
		{2EAE4572-960B-4015-BCA8-B998B286078B}.Ad-Hoc|x64.Build.0 = Release|Any CPU
		{2EAE4572-960B-4015-BCA8-B998B286078B}.Ad-Hoc|x86.ActiveCfg = Release|Any CPU
		{2EAE4572-960B-4015-BCA8-B998B286078B}.Ad-Hoc|x86.Build.0 = Release|Any CPU
		{2EAE4572-960B-4015-BCA8-B998B286078B}.AppStore|Any CPU.ActiveCfg = Release|Any CPU
		{2EAE4572-960B-4015-BCA8-B998B286078B}.AppStore|Any CPU.Build.0 = Release|Any CPU
		{2EAE4572-960B-4015-BCA8-B998B286078B}.AppStore|ARM.ActiveCfg = Release|Any CPU
		{2EAE4572-960B-4015-BCA8-B998B286078B}.AppStore|ARM.Build.0 = Release|Any CPU
		{2EAE4572-960B-4015-BCA8-B998B286078B}.AppStore|iPhone.ActiveCfg = Release|Any CPU
		{2EAE4572-960B-4015-BCA8-B998B286078B}.AppStore|iPhone.Build.0 = Release|Any CPU
		{2EAE4572-960B-4015-BCA8-B998B286078B}.AppStore|iPhoneSimulator.ActiveCfg = Release|Any CPU
		{2EAE4572-960B-4015-BCA8-B998B286078B}.AppStore|iPhoneSimulator.Build.0 = Release|Any CPU
		{2EAE4572-960B-4015-BCA8-B998B286078B}.AppStore|x64.ActiveCfg = Release|Any CPU
		{2EAE4572-960B-4015-BCA8-B998B286078B}.AppStore|x64.Build.0 = Release|Any CPU
		{2EAE4572-960B-4015-BCA8-B998B286078B}.AppStore|x86.ActiveCfg = Release|Any CPU
		{2EAE4572-960B-4015-BCA8-B998B286078B}.AppStore|x86.Build.0 = Release|Any CPU
		{2EAE4572-960B-4015-BCA8-B998B286078B}.Debug|Any CPU.ActiveCfg = Debug|Any CPU
		{2EAE4572-960B-4015-BCA8-B998B286078B}.Debug|Any CPU.Build.0 = Debug|Any CPU
		{2EAE4572-960B-4015-BCA8-B998B286078B}.Debug|ARM.ActiveCfg = Debug|Any CPU
		{2EAE4572-960B-4015-BCA8-B998B286078B}.Debug|ARM.Build.0 = Debug|Any CPU
		{2EAE4572-960B-4015-BCA8-B998B286078B}.Debug|iPhone.ActiveCfg = Debug|Any CPU
		{2EAE4572-960B-4015-BCA8-B998B286078B}.Debug|iPhone.Build.0 = Debug|Any CPU
		{2EAE4572-960B-4015-BCA8-B998B286078B}.Debug|iPhoneSimulator.ActiveCfg = Debug|Any CPU
		{2EAE4572-960B-4015-BCA8-B998B286078B}.Debug|iPhoneSimulator.Build.0 = Debug|Any CPU
		{2EAE4572-960B-4015-BCA8-B998B286078B}.Debug|x64.ActiveCfg = Debug|Any CPU
		{2EAE4572-960B-4015-BCA8-B998B286078B}.Debug|x64.Build.0 = Debug|Any CPU
		{2EAE4572-960B-4015-BCA8-B998B286078B}.Debug|x86.ActiveCfg = Debug|Any CPU
		{2EAE4572-960B-4015-BCA8-B998B286078B}.Debug|x86.Build.0 = Debug|Any CPU
		{2EAE4572-960B-4015-BCA8-B998B286078B}.Release|Any CPU.ActiveCfg = Release|Any CPU
		{2EAE4572-960B-4015-BCA8-B998B286078B}.Release|Any CPU.Build.0 = Release|Any CPU
		{2EAE4572-960B-4015-BCA8-B998B286078B}.Release|ARM.ActiveCfg = Release|Any CPU
		{2EAE4572-960B-4015-BCA8-B998B286078B}.Release|ARM.Build.0 = Release|Any CPU
		{2EAE4572-960B-4015-BCA8-B998B286078B}.Release|iPhone.ActiveCfg = Release|Any CPU
		{2EAE4572-960B-4015-BCA8-B998B286078B}.Release|iPhone.Build.0 = Release|Any CPU
		{2EAE4572-960B-4015-BCA8-B998B286078B}.Release|iPhoneSimulator.ActiveCfg = Release|Any CPU
		{2EAE4572-960B-4015-BCA8-B998B286078B}.Release|iPhoneSimulator.Build.0 = Release|Any CPU
		{2EAE4572-960B-4015-BCA8-B998B286078B}.Release|x64.ActiveCfg = Release|Any CPU
		{2EAE4572-960B-4015-BCA8-B998B286078B}.Release|x64.Build.0 = Release|Any CPU
		{2EAE4572-960B-4015-BCA8-B998B286078B}.Release|x86.ActiveCfg = Release|Any CPU
		{2EAE4572-960B-4015-BCA8-B998B286078B}.Release|x86.Build.0 = Release|Any CPU
		{92FC93C1-E385-460B-9263-7D5D8F1D8686}.Ad-Hoc|Any CPU.ActiveCfg = Release|Any CPU
		{92FC93C1-E385-460B-9263-7D5D8F1D8686}.Ad-Hoc|Any CPU.Build.0 = Release|Any CPU
		{92FC93C1-E385-460B-9263-7D5D8F1D8686}.Ad-Hoc|ARM.ActiveCfg = Release|ARM
		{92FC93C1-E385-460B-9263-7D5D8F1D8686}.Ad-Hoc|ARM.Build.0 = Release|ARM
		{92FC93C1-E385-460B-9263-7D5D8F1D8686}.Ad-Hoc|iPhone.ActiveCfg = Release|Any CPU
		{92FC93C1-E385-460B-9263-7D5D8F1D8686}.Ad-Hoc|iPhone.Build.0 = Release|Any CPU
		{92FC93C1-E385-460B-9263-7D5D8F1D8686}.Ad-Hoc|iPhoneSimulator.ActiveCfg = Release|Any CPU
		{92FC93C1-E385-460B-9263-7D5D8F1D8686}.Ad-Hoc|iPhoneSimulator.Build.0 = Release|Any CPU
		{92FC93C1-E385-460B-9263-7D5D8F1D8686}.Ad-Hoc|x64.ActiveCfg = Release|x64
		{92FC93C1-E385-460B-9263-7D5D8F1D8686}.Ad-Hoc|x64.Build.0 = Release|x64
		{92FC93C1-E385-460B-9263-7D5D8F1D8686}.Ad-Hoc|x86.ActiveCfg = Release|x86
		{92FC93C1-E385-460B-9263-7D5D8F1D8686}.Ad-Hoc|x86.Build.0 = Release|x86
		{92FC93C1-E385-460B-9263-7D5D8F1D8686}.AppStore|Any CPU.ActiveCfg = Release|Any CPU
		{92FC93C1-E385-460B-9263-7D5D8F1D8686}.AppStore|Any CPU.Build.0 = Release|Any CPU
		{92FC93C1-E385-460B-9263-7D5D8F1D8686}.AppStore|ARM.ActiveCfg = Release|ARM
		{92FC93C1-E385-460B-9263-7D5D8F1D8686}.AppStore|ARM.Build.0 = Release|ARM
		{92FC93C1-E385-460B-9263-7D5D8F1D8686}.AppStore|iPhone.ActiveCfg = Release|Any CPU
		{92FC93C1-E385-460B-9263-7D5D8F1D8686}.AppStore|iPhone.Build.0 = Release|Any CPU
		{92FC93C1-E385-460B-9263-7D5D8F1D8686}.AppStore|iPhoneSimulator.ActiveCfg = Release|Any CPU
		{92FC93C1-E385-460B-9263-7D5D8F1D8686}.AppStore|iPhoneSimulator.Build.0 = Release|Any CPU
		{92FC93C1-E385-460B-9263-7D5D8F1D8686}.AppStore|x64.ActiveCfg = Release|x64
		{92FC93C1-E385-460B-9263-7D5D8F1D8686}.AppStore|x64.Build.0 = Release|x64
		{92FC93C1-E385-460B-9263-7D5D8F1D8686}.AppStore|x86.ActiveCfg = Release|x86
		{92FC93C1-E385-460B-9263-7D5D8F1D8686}.AppStore|x86.Build.0 = Release|x86
		{92FC93C1-E385-460B-9263-7D5D8F1D8686}.Debug|Any CPU.ActiveCfg = Debug|Any CPU
		{92FC93C1-E385-460B-9263-7D5D8F1D8686}.Debug|Any CPU.Build.0 = Debug|Any CPU
		{92FC93C1-E385-460B-9263-7D5D8F1D8686}.Debug|ARM.ActiveCfg = Debug|ARM
		{92FC93C1-E385-460B-9263-7D5D8F1D8686}.Debug|ARM.Build.0 = Debug|ARM
		{92FC93C1-E385-460B-9263-7D5D8F1D8686}.Debug|iPhone.ActiveCfg = Debug|Any CPU
		{92FC93C1-E385-460B-9263-7D5D8F1D8686}.Debug|iPhone.Build.0 = Debug|Any CPU
		{92FC93C1-E385-460B-9263-7D5D8F1D8686}.Debug|iPhoneSimulator.ActiveCfg = Debug|Any CPU
		{92FC93C1-E385-460B-9263-7D5D8F1D8686}.Debug|iPhoneSimulator.Build.0 = Debug|Any CPU
		{92FC93C1-E385-460B-9263-7D5D8F1D8686}.Debug|x64.ActiveCfg = Debug|x64
		{92FC93C1-E385-460B-9263-7D5D8F1D8686}.Debug|x64.Build.0 = Debug|x64
		{92FC93C1-E385-460B-9263-7D5D8F1D8686}.Debug|x86.ActiveCfg = Debug|x86
		{92FC93C1-E385-460B-9263-7D5D8F1D8686}.Debug|x86.Build.0 = Debug|x86
		{92FC93C1-E385-460B-9263-7D5D8F1D8686}.Release|Any CPU.ActiveCfg = Release|Any CPU
		{92FC93C1-E385-460B-9263-7D5D8F1D8686}.Release|Any CPU.Build.0 = Release|Any CPU
		{92FC93C1-E385-460B-9263-7D5D8F1D8686}.Release|ARM.ActiveCfg = Release|ARM
		{92FC93C1-E385-460B-9263-7D5D8F1D8686}.Release|ARM.Build.0 = Release|ARM
		{92FC93C1-E385-460B-9263-7D5D8F1D8686}.Release|iPhone.ActiveCfg = Release|Any CPU
		{92FC93C1-E385-460B-9263-7D5D8F1D8686}.Release|iPhone.Build.0 = Release|Any CPU
		{92FC93C1-E385-460B-9263-7D5D8F1D8686}.Release|iPhoneSimulator.ActiveCfg = Release|Any CPU
		{92FC93C1-E385-460B-9263-7D5D8F1D8686}.Release|iPhoneSimulator.Build.0 = Release|Any CPU
		{92FC93C1-E385-460B-9263-7D5D8F1D8686}.Release|x64.ActiveCfg = Release|x64
		{92FC93C1-E385-460B-9263-7D5D8F1D8686}.Release|x64.Build.0 = Release|x64
		{92FC93C1-E385-460B-9263-7D5D8F1D8686}.Release|x86.ActiveCfg = Release|x86
		{92FC93C1-E385-460B-9263-7D5D8F1D8686}.Release|x86.Build.0 = Release|x86
		{1958E467-80E8-42D6-81CD-4AB399F5C602}.Ad-Hoc|Any CPU.ActiveCfg = Release|Any CPU
		{1958E467-80E8-42D6-81CD-4AB399F5C602}.Ad-Hoc|Any CPU.Build.0 = Release|Any CPU
		{1958E467-80E8-42D6-81CD-4AB399F5C602}.Ad-Hoc|ARM.ActiveCfg = Release|Any CPU
		{1958E467-80E8-42D6-81CD-4AB399F5C602}.Ad-Hoc|ARM.Build.0 = Release|Any CPU
		{1958E467-80E8-42D6-81CD-4AB399F5C602}.Ad-Hoc|iPhone.ActiveCfg = Release|Any CPU
		{1958E467-80E8-42D6-81CD-4AB399F5C602}.Ad-Hoc|iPhone.Build.0 = Release|Any CPU
		{1958E467-80E8-42D6-81CD-4AB399F5C602}.Ad-Hoc|iPhoneSimulator.ActiveCfg = Release|Any CPU
		{1958E467-80E8-42D6-81CD-4AB399F5C602}.Ad-Hoc|iPhoneSimulator.Build.0 = Release|Any CPU
		{1958E467-80E8-42D6-81CD-4AB399F5C602}.Ad-Hoc|x64.ActiveCfg = Release|Any CPU
		{1958E467-80E8-42D6-81CD-4AB399F5C602}.Ad-Hoc|x64.Build.0 = Release|Any CPU
		{1958E467-80E8-42D6-81CD-4AB399F5C602}.Ad-Hoc|x86.ActiveCfg = Release|Any CPU
		{1958E467-80E8-42D6-81CD-4AB399F5C602}.Ad-Hoc|x86.Build.0 = Release|Any CPU
		{1958E467-80E8-42D6-81CD-4AB399F5C602}.AppStore|Any CPU.ActiveCfg = Release|Any CPU
		{1958E467-80E8-42D6-81CD-4AB399F5C602}.AppStore|Any CPU.Build.0 = Release|Any CPU
		{1958E467-80E8-42D6-81CD-4AB399F5C602}.AppStore|ARM.ActiveCfg = Release|Any CPU
		{1958E467-80E8-42D6-81CD-4AB399F5C602}.AppStore|ARM.Build.0 = Release|Any CPU
		{1958E467-80E8-42D6-81CD-4AB399F5C602}.AppStore|iPhone.ActiveCfg = Release|Any CPU
		{1958E467-80E8-42D6-81CD-4AB399F5C602}.AppStore|iPhone.Build.0 = Release|Any CPU
		{1958E467-80E8-42D6-81CD-4AB399F5C602}.AppStore|iPhoneSimulator.ActiveCfg = Release|Any CPU
		{1958E467-80E8-42D6-81CD-4AB399F5C602}.AppStore|iPhoneSimulator.Build.0 = Release|Any CPU
		{1958E467-80E8-42D6-81CD-4AB399F5C602}.AppStore|x64.ActiveCfg = Release|Any CPU
		{1958E467-80E8-42D6-81CD-4AB399F5C602}.AppStore|x64.Build.0 = Release|Any CPU
		{1958E467-80E8-42D6-81CD-4AB399F5C602}.AppStore|x86.ActiveCfg = Release|Any CPU
		{1958E467-80E8-42D6-81CD-4AB399F5C602}.AppStore|x86.Build.0 = Release|Any CPU
		{1958E467-80E8-42D6-81CD-4AB399F5C602}.Debug|Any CPU.ActiveCfg = Debug|Any CPU
		{1958E467-80E8-42D6-81CD-4AB399F5C602}.Debug|Any CPU.Build.0 = Debug|Any CPU
		{1958E467-80E8-42D6-81CD-4AB399F5C602}.Debug|ARM.ActiveCfg = Debug|Any CPU
		{1958E467-80E8-42D6-81CD-4AB399F5C602}.Debug|ARM.Build.0 = Debug|Any CPU
		{1958E467-80E8-42D6-81CD-4AB399F5C602}.Debug|iPhone.ActiveCfg = Debug|Any CPU
		{1958E467-80E8-42D6-81CD-4AB399F5C602}.Debug|iPhone.Build.0 = Debug|Any CPU
		{1958E467-80E8-42D6-81CD-4AB399F5C602}.Debug|iPhoneSimulator.ActiveCfg = Debug|Any CPU
		{1958E467-80E8-42D6-81CD-4AB399F5C602}.Debug|iPhoneSimulator.Build.0 = Debug|Any CPU
		{1958E467-80E8-42D6-81CD-4AB399F5C602}.Debug|x64.ActiveCfg = Debug|Any CPU
		{1958E467-80E8-42D6-81CD-4AB399F5C602}.Debug|x64.Build.0 = Debug|Any CPU
		{1958E467-80E8-42D6-81CD-4AB399F5C602}.Debug|x86.ActiveCfg = Debug|Any CPU
		{1958E467-80E8-42D6-81CD-4AB399F5C602}.Debug|x86.Build.0 = Debug|Any CPU
		{1958E467-80E8-42D6-81CD-4AB399F5C602}.Release|Any CPU.ActiveCfg = Release|Any CPU
		{1958E467-80E8-42D6-81CD-4AB399F5C602}.Release|ARM.ActiveCfg = Release|Any CPU
		{1958E467-80E8-42D6-81CD-4AB399F5C602}.Release|ARM.Build.0 = Release|Any CPU
		{1958E467-80E8-42D6-81CD-4AB399F5C602}.Release|iPhone.ActiveCfg = Release|Any CPU
		{1958E467-80E8-42D6-81CD-4AB399F5C602}.Release|iPhone.Build.0 = Release|Any CPU
		{1958E467-80E8-42D6-81CD-4AB399F5C602}.Release|iPhoneSimulator.ActiveCfg = Release|Any CPU
		{1958E467-80E8-42D6-81CD-4AB399F5C602}.Release|iPhoneSimulator.Build.0 = Release|Any CPU
		{1958E467-80E8-42D6-81CD-4AB399F5C602}.Release|x64.ActiveCfg = Release|Any CPU
		{1958E467-80E8-42D6-81CD-4AB399F5C602}.Release|x64.Build.0 = Release|Any CPU
		{1958E467-80E8-42D6-81CD-4AB399F5C602}.Release|x86.ActiveCfg = Release|Any CPU
		{1958E467-80E8-42D6-81CD-4AB399F5C602}.Release|x86.Build.0 = Release|Any CPU
		{2854527C-5D90-492D-91FD-4E53250CDAD3}.Ad-Hoc|Any CPU.ActiveCfg = Release|Any CPU
		{2854527C-5D90-492D-91FD-4E53250CDAD3}.Ad-Hoc|Any CPU.Build.0 = Release|Any CPU
		{2854527C-5D90-492D-91FD-4E53250CDAD3}.Ad-Hoc|Any CPU.Deploy.0 = Release|Any CPU
		{2854527C-5D90-492D-91FD-4E53250CDAD3}.Ad-Hoc|ARM.ActiveCfg = Release|Any CPU
		{2854527C-5D90-492D-91FD-4E53250CDAD3}.Ad-Hoc|ARM.Build.0 = Release|Any CPU
		{2854527C-5D90-492D-91FD-4E53250CDAD3}.Ad-Hoc|ARM.Deploy.0 = Release|Any CPU
		{2854527C-5D90-492D-91FD-4E53250CDAD3}.Ad-Hoc|iPhone.ActiveCfg = Release|Any CPU
		{2854527C-5D90-492D-91FD-4E53250CDAD3}.Ad-Hoc|iPhone.Build.0 = Release|Any CPU
		{2854527C-5D90-492D-91FD-4E53250CDAD3}.Ad-Hoc|iPhone.Deploy.0 = Release|Any CPU
		{2854527C-5D90-492D-91FD-4E53250CDAD3}.Ad-Hoc|iPhoneSimulator.ActiveCfg = Release|Any CPU
		{2854527C-5D90-492D-91FD-4E53250CDAD3}.Ad-Hoc|iPhoneSimulator.Build.0 = Release|Any CPU
		{2854527C-5D90-492D-91FD-4E53250CDAD3}.Ad-Hoc|iPhoneSimulator.Deploy.0 = Release|Any CPU
		{2854527C-5D90-492D-91FD-4E53250CDAD3}.Ad-Hoc|x64.ActiveCfg = Release|Any CPU
		{2854527C-5D90-492D-91FD-4E53250CDAD3}.Ad-Hoc|x64.Build.0 = Release|Any CPU
		{2854527C-5D90-492D-91FD-4E53250CDAD3}.Ad-Hoc|x64.Deploy.0 = Release|Any CPU
		{2854527C-5D90-492D-91FD-4E53250CDAD3}.Ad-Hoc|x86.ActiveCfg = Release|Any CPU
		{2854527C-5D90-492D-91FD-4E53250CDAD3}.Ad-Hoc|x86.Build.0 = Release|Any CPU
		{2854527C-5D90-492D-91FD-4E53250CDAD3}.Ad-Hoc|x86.Deploy.0 = Release|Any CPU
		{2854527C-5D90-492D-91FD-4E53250CDAD3}.AppStore|Any CPU.ActiveCfg = Release|Any CPU
		{2854527C-5D90-492D-91FD-4E53250CDAD3}.AppStore|Any CPU.Build.0 = Release|Any CPU
		{2854527C-5D90-492D-91FD-4E53250CDAD3}.AppStore|Any CPU.Deploy.0 = Release|Any CPU
		{2854527C-5D90-492D-91FD-4E53250CDAD3}.AppStore|ARM.ActiveCfg = Release|Any CPU
		{2854527C-5D90-492D-91FD-4E53250CDAD3}.AppStore|ARM.Build.0 = Release|Any CPU
		{2854527C-5D90-492D-91FD-4E53250CDAD3}.AppStore|ARM.Deploy.0 = Release|Any CPU
		{2854527C-5D90-492D-91FD-4E53250CDAD3}.AppStore|iPhone.ActiveCfg = Release|Any CPU
		{2854527C-5D90-492D-91FD-4E53250CDAD3}.AppStore|iPhone.Build.0 = Release|Any CPU
		{2854527C-5D90-492D-91FD-4E53250CDAD3}.AppStore|iPhone.Deploy.0 = Release|Any CPU
		{2854527C-5D90-492D-91FD-4E53250CDAD3}.AppStore|iPhoneSimulator.ActiveCfg = Release|Any CPU
		{2854527C-5D90-492D-91FD-4E53250CDAD3}.AppStore|iPhoneSimulator.Build.0 = Release|Any CPU
		{2854527C-5D90-492D-91FD-4E53250CDAD3}.AppStore|iPhoneSimulator.Deploy.0 = Release|Any CPU
		{2854527C-5D90-492D-91FD-4E53250CDAD3}.AppStore|x64.ActiveCfg = Release|Any CPU
		{2854527C-5D90-492D-91FD-4E53250CDAD3}.AppStore|x64.Build.0 = Release|Any CPU
		{2854527C-5D90-492D-91FD-4E53250CDAD3}.AppStore|x64.Deploy.0 = Release|Any CPU
		{2854527C-5D90-492D-91FD-4E53250CDAD3}.AppStore|x86.ActiveCfg = Release|Any CPU
		{2854527C-5D90-492D-91FD-4E53250CDAD3}.AppStore|x86.Build.0 = Release|Any CPU
		{2854527C-5D90-492D-91FD-4E53250CDAD3}.AppStore|x86.Deploy.0 = Release|Any CPU
		{2854527C-5D90-492D-91FD-4E53250CDAD3}.Debug|Any CPU.ActiveCfg = Debug|Any CPU
		{2854527C-5D90-492D-91FD-4E53250CDAD3}.Debug|ARM.ActiveCfg = Debug|Any CPU
		{2854527C-5D90-492D-91FD-4E53250CDAD3}.Debug|ARM.Build.0 = Debug|Any CPU
		{2854527C-5D90-492D-91FD-4E53250CDAD3}.Debug|ARM.Deploy.0 = Debug|Any CPU
		{2854527C-5D90-492D-91FD-4E53250CDAD3}.Debug|iPhone.ActiveCfg = Debug|Any CPU
		{2854527C-5D90-492D-91FD-4E53250CDAD3}.Debug|iPhone.Build.0 = Debug|Any CPU
		{2854527C-5D90-492D-91FD-4E53250CDAD3}.Debug|iPhone.Deploy.0 = Debug|Any CPU
		{2854527C-5D90-492D-91FD-4E53250CDAD3}.Debug|iPhoneSimulator.ActiveCfg = Debug|Any CPU
		{2854527C-5D90-492D-91FD-4E53250CDAD3}.Debug|iPhoneSimulator.Build.0 = Debug|Any CPU
		{2854527C-5D90-492D-91FD-4E53250CDAD3}.Debug|iPhoneSimulator.Deploy.0 = Debug|Any CPU
		{2854527C-5D90-492D-91FD-4E53250CDAD3}.Debug|x64.ActiveCfg = Debug|Any CPU
		{2854527C-5D90-492D-91FD-4E53250CDAD3}.Debug|x64.Build.0 = Debug|Any CPU
		{2854527C-5D90-492D-91FD-4E53250CDAD3}.Debug|x64.Deploy.0 = Debug|Any CPU
		{2854527C-5D90-492D-91FD-4E53250CDAD3}.Debug|x86.ActiveCfg = Debug|Any CPU
		{2854527C-5D90-492D-91FD-4E53250CDAD3}.Debug|x86.Build.0 = Debug|Any CPU
		{2854527C-5D90-492D-91FD-4E53250CDAD3}.Debug|x86.Deploy.0 = Debug|Any CPU
		{2854527C-5D90-492D-91FD-4E53250CDAD3}.Release|Any CPU.ActiveCfg = Release|Any CPU
		{2854527C-5D90-492D-91FD-4E53250CDAD3}.Release|ARM.ActiveCfg = Release|Any CPU
		{2854527C-5D90-492D-91FD-4E53250CDAD3}.Release|ARM.Build.0 = Release|Any CPU
		{2854527C-5D90-492D-91FD-4E53250CDAD3}.Release|ARM.Deploy.0 = Release|Any CPU
		{2854527C-5D90-492D-91FD-4E53250CDAD3}.Release|iPhone.ActiveCfg = Release|Any CPU
		{2854527C-5D90-492D-91FD-4E53250CDAD3}.Release|iPhone.Build.0 = Release|Any CPU
		{2854527C-5D90-492D-91FD-4E53250CDAD3}.Release|iPhone.Deploy.0 = Release|Any CPU
		{2854527C-5D90-492D-91FD-4E53250CDAD3}.Release|iPhoneSimulator.ActiveCfg = Release|Any CPU
		{2854527C-5D90-492D-91FD-4E53250CDAD3}.Release|iPhoneSimulator.Build.0 = Release|Any CPU
		{2854527C-5D90-492D-91FD-4E53250CDAD3}.Release|iPhoneSimulator.Deploy.0 = Release|Any CPU
		{2854527C-5D90-492D-91FD-4E53250CDAD3}.Release|x64.ActiveCfg = Release|Any CPU
		{2854527C-5D90-492D-91FD-4E53250CDAD3}.Release|x64.Build.0 = Release|Any CPU
		{2854527C-5D90-492D-91FD-4E53250CDAD3}.Release|x64.Deploy.0 = Release|Any CPU
		{2854527C-5D90-492D-91FD-4E53250CDAD3}.Release|x86.ActiveCfg = Release|Any CPU
		{2854527C-5D90-492D-91FD-4E53250CDAD3}.Release|x86.Build.0 = Release|Any CPU
		{2854527C-5D90-492D-91FD-4E53250CDAD3}.Release|x86.Deploy.0 = Release|Any CPU
		{8EDC012A-B023-46A9-999D-C7A52A57D50F}.Ad-Hoc|Any CPU.ActiveCfg = Ad-Hoc|iPhone
		{8EDC012A-B023-46A9-999D-C7A52A57D50F}.Ad-Hoc|ARM.ActiveCfg = Ad-Hoc|iPhone
		{8EDC012A-B023-46A9-999D-C7A52A57D50F}.Ad-Hoc|iPhone.ActiveCfg = Ad-Hoc|iPhone
		{8EDC012A-B023-46A9-999D-C7A52A57D50F}.Ad-Hoc|iPhone.Build.0 = Ad-Hoc|iPhone
		{8EDC012A-B023-46A9-999D-C7A52A57D50F}.Ad-Hoc|iPhoneSimulator.ActiveCfg = Ad-Hoc|iPhoneSimulator
		{8EDC012A-B023-46A9-999D-C7A52A57D50F}.Ad-Hoc|iPhoneSimulator.Build.0 = Ad-Hoc|iPhoneSimulator
		{8EDC012A-B023-46A9-999D-C7A52A57D50F}.Ad-Hoc|x64.ActiveCfg = Ad-Hoc|iPhone
		{8EDC012A-B023-46A9-999D-C7A52A57D50F}.Ad-Hoc|x86.ActiveCfg = Ad-Hoc|iPhone
		{8EDC012A-B023-46A9-999D-C7A52A57D50F}.AppStore|Any CPU.ActiveCfg = AppStore|iPhone
		{8EDC012A-B023-46A9-999D-C7A52A57D50F}.AppStore|ARM.ActiveCfg = AppStore|iPhone
		{8EDC012A-B023-46A9-999D-C7A52A57D50F}.AppStore|iPhone.ActiveCfg = AppStore|iPhone
		{8EDC012A-B023-46A9-999D-C7A52A57D50F}.AppStore|iPhone.Build.0 = AppStore|iPhone
		{8EDC012A-B023-46A9-999D-C7A52A57D50F}.AppStore|iPhoneSimulator.ActiveCfg = AppStore|iPhoneSimulator
		{8EDC012A-B023-46A9-999D-C7A52A57D50F}.AppStore|iPhoneSimulator.Build.0 = AppStore|iPhoneSimulator
		{8EDC012A-B023-46A9-999D-C7A52A57D50F}.AppStore|x64.ActiveCfg = AppStore|iPhone
		{8EDC012A-B023-46A9-999D-C7A52A57D50F}.AppStore|x86.ActiveCfg = AppStore|iPhone
		{8EDC012A-B023-46A9-999D-C7A52A57D50F}.Debug|Any CPU.ActiveCfg = Debug|iPhone
		{8EDC012A-B023-46A9-999D-C7A52A57D50F}.Debug|ARM.ActiveCfg = Debug|iPhone
		{8EDC012A-B023-46A9-999D-C7A52A57D50F}.Debug|iPhone.ActiveCfg = Debug|iPhone
		{8EDC012A-B023-46A9-999D-C7A52A57D50F}.Debug|iPhone.Build.0 = Debug|iPhone
		{8EDC012A-B023-46A9-999D-C7A52A57D50F}.Debug|iPhoneSimulator.ActiveCfg = Debug|iPhoneSimulator
		{8EDC012A-B023-46A9-999D-C7A52A57D50F}.Debug|iPhoneSimulator.Build.0 = Debug|iPhoneSimulator
		{8EDC012A-B023-46A9-999D-C7A52A57D50F}.Debug|x64.ActiveCfg = Debug|iPhone
		{8EDC012A-B023-46A9-999D-C7A52A57D50F}.Debug|x86.ActiveCfg = Debug|iPhone
		{8EDC012A-B023-46A9-999D-C7A52A57D50F}.Release|Any CPU.ActiveCfg = Release|iPhone
		{8EDC012A-B023-46A9-999D-C7A52A57D50F}.Release|ARM.ActiveCfg = Release|iPhone
		{8EDC012A-B023-46A9-999D-C7A52A57D50F}.Release|iPhone.ActiveCfg = Release|iPhone
		{8EDC012A-B023-46A9-999D-C7A52A57D50F}.Release|iPhone.Build.0 = Release|iPhone
		{8EDC012A-B023-46A9-999D-C7A52A57D50F}.Release|iPhoneSimulator.ActiveCfg = Release|iPhoneSimulator
		{8EDC012A-B023-46A9-999D-C7A52A57D50F}.Release|iPhoneSimulator.Build.0 = Release|iPhoneSimulator
		{8EDC012A-B023-46A9-999D-C7A52A57D50F}.Release|x64.ActiveCfg = Release|iPhone
		{8EDC012A-B023-46A9-999D-C7A52A57D50F}.Release|x86.ActiveCfg = Release|iPhone
		{A6FCE1E6-7EDB-4E70-B3D8-61CD99409EAE}.Ad-Hoc|Any CPU.ActiveCfg = Release|x86
		{A6FCE1E6-7EDB-4E70-B3D8-61CD99409EAE}.Ad-Hoc|Any CPU.Build.0 = Release|x86
		{A6FCE1E6-7EDB-4E70-B3D8-61CD99409EAE}.Ad-Hoc|Any CPU.Deploy.0 = Release|x86
		{A6FCE1E6-7EDB-4E70-B3D8-61CD99409EAE}.Ad-Hoc|ARM.ActiveCfg = Release|ARM
		{A6FCE1E6-7EDB-4E70-B3D8-61CD99409EAE}.Ad-Hoc|ARM.Build.0 = Release|ARM
		{A6FCE1E6-7EDB-4E70-B3D8-61CD99409EAE}.Ad-Hoc|ARM.Deploy.0 = Release|ARM
		{A6FCE1E6-7EDB-4E70-B3D8-61CD99409EAE}.Ad-Hoc|iPhone.ActiveCfg = Release|x86
		{A6FCE1E6-7EDB-4E70-B3D8-61CD99409EAE}.Ad-Hoc|iPhone.Build.0 = Release|x86
		{A6FCE1E6-7EDB-4E70-B3D8-61CD99409EAE}.Ad-Hoc|iPhone.Deploy.0 = Release|x86
		{A6FCE1E6-7EDB-4E70-B3D8-61CD99409EAE}.Ad-Hoc|iPhoneSimulator.ActiveCfg = Release|x86
		{A6FCE1E6-7EDB-4E70-B3D8-61CD99409EAE}.Ad-Hoc|iPhoneSimulator.Build.0 = Release|x86
		{A6FCE1E6-7EDB-4E70-B3D8-61CD99409EAE}.Ad-Hoc|iPhoneSimulator.Deploy.0 = Release|x86
		{A6FCE1E6-7EDB-4E70-B3D8-61CD99409EAE}.Ad-Hoc|x64.ActiveCfg = Release|x64
		{A6FCE1E6-7EDB-4E70-B3D8-61CD99409EAE}.Ad-Hoc|x64.Build.0 = Release|x64
		{A6FCE1E6-7EDB-4E70-B3D8-61CD99409EAE}.Ad-Hoc|x64.Deploy.0 = Release|x64
		{A6FCE1E6-7EDB-4E70-B3D8-61CD99409EAE}.Ad-Hoc|x86.ActiveCfg = Release|x86
		{A6FCE1E6-7EDB-4E70-B3D8-61CD99409EAE}.Ad-Hoc|x86.Build.0 = Release|x86
		{A6FCE1E6-7EDB-4E70-B3D8-61CD99409EAE}.Ad-Hoc|x86.Deploy.0 = Release|x86
		{A6FCE1E6-7EDB-4E70-B3D8-61CD99409EAE}.AppStore|Any CPU.ActiveCfg = Release|x86
		{A6FCE1E6-7EDB-4E70-B3D8-61CD99409EAE}.AppStore|Any CPU.Build.0 = Release|x86
		{A6FCE1E6-7EDB-4E70-B3D8-61CD99409EAE}.AppStore|Any CPU.Deploy.0 = Release|x86
		{A6FCE1E6-7EDB-4E70-B3D8-61CD99409EAE}.AppStore|ARM.ActiveCfg = Release|ARM
		{A6FCE1E6-7EDB-4E70-B3D8-61CD99409EAE}.AppStore|ARM.Build.0 = Release|ARM
		{A6FCE1E6-7EDB-4E70-B3D8-61CD99409EAE}.AppStore|ARM.Deploy.0 = Release|ARM
		{A6FCE1E6-7EDB-4E70-B3D8-61CD99409EAE}.AppStore|iPhone.ActiveCfg = Release|x86
		{A6FCE1E6-7EDB-4E70-B3D8-61CD99409EAE}.AppStore|iPhone.Build.0 = Release|x86
		{A6FCE1E6-7EDB-4E70-B3D8-61CD99409EAE}.AppStore|iPhone.Deploy.0 = Release|x86
		{A6FCE1E6-7EDB-4E70-B3D8-61CD99409EAE}.AppStore|iPhoneSimulator.ActiveCfg = Release|x86
		{A6FCE1E6-7EDB-4E70-B3D8-61CD99409EAE}.AppStore|iPhoneSimulator.Build.0 = Release|x86
		{A6FCE1E6-7EDB-4E70-B3D8-61CD99409EAE}.AppStore|iPhoneSimulator.Deploy.0 = Release|x86
		{A6FCE1E6-7EDB-4E70-B3D8-61CD99409EAE}.AppStore|x64.ActiveCfg = Release|x64
		{A6FCE1E6-7EDB-4E70-B3D8-61CD99409EAE}.AppStore|x64.Build.0 = Release|x64
		{A6FCE1E6-7EDB-4E70-B3D8-61CD99409EAE}.AppStore|x64.Deploy.0 = Release|x64
		{A6FCE1E6-7EDB-4E70-B3D8-61CD99409EAE}.AppStore|x86.ActiveCfg = Release|x86
		{A6FCE1E6-7EDB-4E70-B3D8-61CD99409EAE}.AppStore|x86.Build.0 = Release|x86
		{A6FCE1E6-7EDB-4E70-B3D8-61CD99409EAE}.AppStore|x86.Deploy.0 = Release|x86
		{A6FCE1E6-7EDB-4E70-B3D8-61CD99409EAE}.Debug|Any CPU.ActiveCfg = Debug|x86
		{A6FCE1E6-7EDB-4E70-B3D8-61CD99409EAE}.Debug|Any CPU.Build.0 = Debug|x86
		{A6FCE1E6-7EDB-4E70-B3D8-61CD99409EAE}.Debug|Any CPU.Deploy.0 = Debug|x86
		{A6FCE1E6-7EDB-4E70-B3D8-61CD99409EAE}.Debug|ARM.ActiveCfg = Debug|ARM
		{A6FCE1E6-7EDB-4E70-B3D8-61CD99409EAE}.Debug|ARM.Build.0 = Debug|ARM
		{A6FCE1E6-7EDB-4E70-B3D8-61CD99409EAE}.Debug|ARM.Deploy.0 = Debug|ARM
		{A6FCE1E6-7EDB-4E70-B3D8-61CD99409EAE}.Debug|iPhone.ActiveCfg = Debug|x86
		{A6FCE1E6-7EDB-4E70-B3D8-61CD99409EAE}.Debug|iPhoneSimulator.ActiveCfg = Debug|x86
		{A6FCE1E6-7EDB-4E70-B3D8-61CD99409EAE}.Debug|x64.ActiveCfg = Debug|x64
		{A6FCE1E6-7EDB-4E70-B3D8-61CD99409EAE}.Debug|x64.Build.0 = Debug|x64
		{A6FCE1E6-7EDB-4E70-B3D8-61CD99409EAE}.Debug|x64.Deploy.0 = Debug|x64
		{A6FCE1E6-7EDB-4E70-B3D8-61CD99409EAE}.Debug|x86.ActiveCfg = Debug|x86
		{A6FCE1E6-7EDB-4E70-B3D8-61CD99409EAE}.Debug|x86.Build.0 = Debug|x86
		{A6FCE1E6-7EDB-4E70-B3D8-61CD99409EAE}.Debug|x86.Deploy.0 = Debug|x86
		{A6FCE1E6-7EDB-4E70-B3D8-61CD99409EAE}.Release|Any CPU.ActiveCfg = Release|x86
		{A6FCE1E6-7EDB-4E70-B3D8-61CD99409EAE}.Release|ARM.ActiveCfg = Release|ARM
		{A6FCE1E6-7EDB-4E70-B3D8-61CD99409EAE}.Release|ARM.Build.0 = Release|ARM
		{A6FCE1E6-7EDB-4E70-B3D8-61CD99409EAE}.Release|ARM.Deploy.0 = Release|ARM
		{A6FCE1E6-7EDB-4E70-B3D8-61CD99409EAE}.Release|iPhone.ActiveCfg = Release|x86
		{A6FCE1E6-7EDB-4E70-B3D8-61CD99409EAE}.Release|iPhoneSimulator.ActiveCfg = Release|x86
		{A6FCE1E6-7EDB-4E70-B3D8-61CD99409EAE}.Release|x64.ActiveCfg = Release|x64
		{A6FCE1E6-7EDB-4E70-B3D8-61CD99409EAE}.Release|x64.Build.0 = Release|x64
		{A6FCE1E6-7EDB-4E70-B3D8-61CD99409EAE}.Release|x64.Deploy.0 = Release|x64
		{A6FCE1E6-7EDB-4E70-B3D8-61CD99409EAE}.Release|x86.ActiveCfg = Release|x86
		{A6FCE1E6-7EDB-4E70-B3D8-61CD99409EAE}.Release|x86.Build.0 = Release|x86
		{A6FCE1E6-7EDB-4E70-B3D8-61CD99409EAE}.Release|x86.Deploy.0 = Release|x86
	EndGlobalSection
	GlobalSection(SolutionProperties) = preSolution
		HideSolutionNode = FALSE
	EndGlobalSection
	GlobalSection(NestedProjects) = preSolution
		{1958E467-80E8-42D6-81CD-4AB399F5C602} = {0F7CEA95-6CEA-4F86-9C41-078918975BC6}
		{2854527C-5D90-492D-91FD-4E53250CDAD3} = {0F7CEA95-6CEA-4F86-9C41-078918975BC6}
		{8EDC012A-B023-46A9-999D-C7A52A57D50F} = {0F7CEA95-6CEA-4F86-9C41-078918975BC6}
		{A6FCE1E6-7EDB-4E70-B3D8-61CD99409EAE} = {0F7CEA95-6CEA-4F86-9C41-078918975BC6}
	EndGlobalSection
EndGlobal
